
Microsoft Visual Studio Solution File, Format Version 12.00
# Visual Studio 15
VisualStudioVersion = 15.0.27130.2003
MinimumVisualStudioVersion = 10.0.40219.1
Project("{FAE04EC0-301F-11D3-BF4B-00C04F79EFBC}") = "megaChallengeWar", "megaChallengeWar\megaChallengeWar.csproj", "{10BD6D50-02F7-4D14-A2FC-CAA27E097C1A}"
EndProject
Project("{FAE04EC0-301F-11D3-BF4B-00C04F79EFBC}") = "Cards", "Cards\Cards.csproj", "{DAA7A8AD-C310-4683-BFE1-21C7374D34D0}"
EndProject
Global
	GlobalSection(SolutionConfigurationPlatforms) = preSolution
		Debug|Any CPU = Debug|Any CPU
		Release|Any CPU = Release|Any CPU
	EndGlobalSection
	GlobalSection(ProjectConfigurationPlatforms) = postSolution
		{10BD6D50-02F7-4D14-A2FC-CAA27E097C1A}.Debug|Any CPU.ActiveCfg = Debug|Any CPU
		{10BD6D50-02F7-4D14-A2FC-CAA27E097C1A}.Debug|Any CPU.Build.0 = Debug|Any CPU
		{10BD6D50-02F7-4D14-A2FC-CAA27E097C1A}.Release|Any CPU.ActiveCfg = Release|Any CPU
		{10BD6D50-02F7-4D14-A2FC-CAA27E097C1A}.Release|Any CPU.Build.0 = Release|Any CPU
		{DAA7A8AD-C310-4683-BFE1-21C7374D34D0}.Debug|Any CPU.ActiveCfg = Debug|Any CPU
		{DAA7A8AD-C310-4683-BFE1-21C7374D34D0}.Debug|Any CPU.Build.0 = Debug|Any CPU
		{DAA7A8AD-C310-4683-BFE1-21C7374D34D0}.Release|Any CPU.ActiveCfg = Release|Any CPU
		{DAA7A8AD-C310-4683-BFE1-21C7374D34D0}.Release|Any CPU.Build.0 = Release|Any CPU
	EndGlobalSection
	GlobalSection(SolutionProperties) = preSolution
		HideSolutionNode = FALSE
	EndGlobalSection
	GlobalSection(ExtensibilityGlobals) = postSolution
		SolutionGuid = {5D1DF0DF-F528-4263-B15F-7FCAC82DE3F6}
	EndGlobalSection
EndGlobal
